
Microsoft Visual Studio Solution File, Format Version 12.00
# Visual Studio 15
VisualStudioVersion = 15.0.27703.2026
MinimumVisualStudioVersion = 10.0.40219.1
Project("{FAE04EC0-301F-11D3-BF4B-00C04F79EFBC}") = "24Point", "JF1\24Point.csproj", "{F7B8F7B1-3043-49D6-89E5-CFCD21BAA482}"
EndProject
Project("{FAE04EC0-301F-11D3-BF4B-00C04F79EFBC}") = "Maze", "Maze\Maze.csproj", "{9B2E07F7-DA9C-4618-9990-5C702D4297F8}"
EndProject
Project("{FAE04EC0-301F-11D3-BF4B-00C04F79EFBC}") = "ConsoleApp1", "ConsoleApp1\ConsoleApp1.csproj", "{3B06D661-8CE2-4C12-8E32-6FB24B47D819}"
EndProject
Global
	GlobalSection(SolutionConfigurationPlatforms) = preSolution
		Debug|Any CPU = Debug|Any CPU
		Release|Any CPU = Release|Any CPU
	EndGlobalSection
	GlobalSection(ProjectConfigurationPlatforms) = postSolution
		{F7B8F7B1-3043-49D6-89E5-CFCD21BAA482}.Debug|Any CPU.ActiveCfg = Debug|Any CPU
		{F7B8F7B1-3043-49D6-89E5-CFCD21BAA482}.Debug|Any CPU.Build.0 = Debug|Any CPU
		{F7B8F7B1-3043-49D6-89E5-CFCD21BAA482}.Release|Any CPU.ActiveCfg = Release|Any CPU
		{F7B8F7B1-3043-49D6-89E5-CFCD21BAA482}.Release|Any CPU.Build.0 = Release|Any CPU
		{9B2E07F7-DA9C-4618-9990-5C702D4297F8}.Debug|Any CPU.ActiveCfg = Debug|Any CPU
		{9B2E07F7-DA9C-4618-9990-5C702D4297F8}.Debug|Any CPU.Build.0 = Debug|Any CPU
		{9B2E07F7-DA9C-4618-9990-5C702D4297F8}.Release|Any CPU.ActiveCfg = Release|Any CPU
		{9B2E07F7-DA9C-4618-9990-5C702D4297F8}.Release|Any CPU.Build.0 = Release|Any CPU
		{3B06D661-8CE2-4C12-8E32-6FB24B47D819}.Debug|Any CPU.ActiveCfg = Debug|Any CPU
		{3B06D661-8CE2-4C12-8E32-6FB24B47D819}.Debug|Any CPU.Build.0 = Debug|Any CPU
		{3B06D661-8CE2-4C12-8E32-6FB24B47D819}.Release|Any CPU.ActiveCfg = Release|Any CPU
		{3B06D661-8CE2-4C12-8E32-6FB24B47D819}.Release|Any CPU.Build.0 = Release|Any CPU
	EndGlobalSection
	GlobalSection(SolutionProperties) = preSolution
		HideSolutionNode = FALSE
	EndGlobalSection
	GlobalSection(ExtensibilityGlobals) = postSolution
		SolutionGuid = {9890132C-3430-4D79-A2FA-82E1F2BC514F}
	EndGlobalSection
EndGlobal
